// !$*UTF8*$!
{
	archiveVersion = 1;
	classes = {
	};
	objectVersion = 56;
	objects = {

/* Begin PBXBuildFile section */
		8DAB390529FB2A8200150FAA /* TravelIteneraryApp.swift in Sources */ = {isa = PBXBuildFile; fileRef = 8DAB390429FB2A8200150FAA /* TravelIteneraryApp.swift */; };
		8DAB390729FB2A8200150FAA /* ContentView.swift in Sources */ = {isa = PBXBuildFile; fileRef = 8DAB390629FB2A8200150FAA /* ContentView.swift */; };
		8DAB390929FB2A8400150FAA /* Assets.xcassets in Resources */ = {isa = PBXBuildFile; fileRef = 8DAB390829FB2A8400150FAA /* Assets.xcassets */; };
		8DAB390C29FB2A8400150FAA /* Preview Assets.xcassets in Resources */ = {isa = PBXBuildFile; fileRef = 8DAB390B29FB2A8400150FAA /* Preview Assets.xcassets */; };
		8DAB391629FB2A8400150FAA /* TravelIteneraryTests.swift in Sources */ = {isa = PBXBuildFile; fileRef = 8DAB391529FB2A8400150FAA /* TravelIteneraryTests.swift */; };
		8DAB392029FB2A8400150FAA /* TravelIteneraryUITests.swift in Sources */ = {isa = PBXBuildFile; fileRef = 8DAB391F29FB2A8400150FAA /* TravelIteneraryUITests.swift */; };
		8DAB392229FB2A8400150FAA /* TravelIteneraryUITestsLaunchTests.swift in Sources */ = {isa = PBXBuildFile; fileRef = 8DAB392129FB2A8400150FAA /* TravelIteneraryUITestsLaunchTests.swift */; };
/* End PBXBuildFile section */

/* Begin PBXContainerItemProxy section */
		8DAB391229FB2A8400150FAA /* PBXContainerItemProxy */ = {
			isa = PBXContainerItemProxy;
			containerPortal = 8DAB38F929FB2A8200150FAA /* Project object */;
			proxyType = 1;
			remoteGlobalIDString = 8DAB390029FB2A8200150FAA;
			remoteInfo = TravelItenerary;
		};
		8DAB391C29FB2A8400150FAA /* PBXContainerItemProxy */ = {
			isa = PBXContainerItemProxy;
			containerPortal = 8DAB38F929FB2A8200150FAA /* Project object */;
			proxyType = 1;
			remoteGlobalIDString = 8DAB390029FB2A8200150FAA;
			remoteInfo = TravelItenerary;
		};
/* End PBXContainerItemProxy section */

/* Begin PBXFileReference section */
		8DAB390129FB2A8200150FAA /* TravelItenerary.app */ = {isa = PBXFileReference; explicitFileType = wrapper.application; includeInIndex = 0; path = TravelItenerary.app; sourceTree = BUILT_PRODUCTS_DIR; };
		8DAB390429FB2A8200150FAA /* TravelIteneraryApp.swift */ = {isa = PBXFileReference; lastKnownFileType = sourcecode.swift; path = TravelIteneraryApp.swift; sourceTree = "<group>"; };
		8DAB390629FB2A8200150FAA /* ContentView.swift */ = {isa = PBXFileReference; lastKnownFileType = sourcecode.swift; path = ContentView.swift; sourceTree = "<group>"; };
		8DAB390829FB2A8400150FAA /* Assets.xcassets */ = {isa = PBXFileReference; lastKnownFileType = folder.assetcatalog; path = Assets.xcassets; sourceTree = "<group>"; };
		8DAB390B29FB2A8400150FAA /* Preview Assets.xcassets */ = {isa = PBXFileReference; lastKnownFileType = folder.assetcatalog; path = "Preview Assets.xcassets"; sourceTree = "<group>"; };
		8DAB391129FB2A8400150FAA /* TravelIteneraryTests.xctest */ = {isa = PBXFileReference; explicitFileType = wrapper.cfbundle; includeInIndex = 0; path = TravelIteneraryTests.xctest; sourceTree = BUILT_PRODUCTS_DIR; };
		8DAB391529FB2A8400150FAA /* TravelIteneraryTests.swift */ = {isa = PBXFileReference; lastKnownFileType = sourcecode.swift; path = TravelIteneraryTests.swift; sourceTree = "<group>"; };
		8DAB391B29FB2A8400150FAA /* TravelIteneraryUITests.xctest */ = {isa = PBXFileReference; explicitFileType = wrapper.cfbundle; includeInIndex = 0; path = TravelIteneraryUITests.xctest; sourceTree = BUILT_PRODUCTS_DIR; };
		8DAB391F29FB2A8400150FAA /* TravelIteneraryUITests.swift */ = {isa = PBXFileReference; lastKnownFileType = sourcecode.swift; path = TravelIteneraryUITests.swift; sourceTree = "<group>"; };
		8DAB392129FB2A8400150FAA /* TravelIteneraryUITestsLaunchTests.swift */ = {isa = PBXFileReference; lastKnownFileType = sourcecode.swift; path = TravelIteneraryUITestsLaunchTests.swift; sourceTree = "<group>"; };
/* End PBXFileReference section */

/* Begin PBXFrameworksBuildPhase section */
		8DAB38FE29FB2A8200150FAA /* Frameworks */ = {
			isa = PBXFrameworksBuildPhase;
			buildActionMask = 2147483647;
			files = (
			);
			runOnlyForDeploymentPostprocessing = 0;
		};
		8DAB390E29FB2A8400150FAA /* Frameworks */ = {
			isa = PBXFrameworksBuildPhase;
			buildActionMask = 2147483647;
			files = (
			);
			runOnlyForDeploymentPostprocessing = 0;
		};
		8DAB391829FB2A8400150FAA /* Frameworks */ = {
			isa = PBXFrameworksBuildPhase;
			buildActionMask = 2147483647;
			files = (
			);
			runOnlyForDeploymentPostprocessing = 0;
		};
/* End PBXFrameworksBuildPhase section */

/* Begin PBXGroup section */
		8DAB38F829FB2A8200150FAA = {
			isa = PBXGroup;
			children = (
				8DAB390329FB2A8200150FAA /* TravelItenerary */,
				8DAB391429FB2A8400150FAA /* TravelIteneraryTests */,
				8DAB391E29FB2A8400150FAA /* TravelIteneraryUITests */,
				8DAB390229FB2A8200150FAA /* Products */,
			);
			sourceTree = "<group>";
		};
		8DAB390229FB2A8200150FAA /* Products */ = {
			isa = PBXGroup;
			children = (
				8DAB390129FB2A8200150FAA /* TravelItenerary.app */,
				8DAB391129FB2A8400150FAA /* TravelIteneraryTests.xctest */,
				8DAB391B29FB2A8400150FAA /* TravelIteneraryUITests.xctest */,
			);
			name = Products;
			sourceTree = "<group>";
		};
		8DAB390329FB2A8200150FAA /* TravelItenerary */ = {
			isa = PBXGroup;
			children = (
				8DAB390429FB2A8200150FAA /* TravelIteneraryApp.swift */,
				8DAB390629FB2A8200150FAA /* ContentView.swift */,
				8DAB390829FB2A8400150FAA /* Assets.xcassets */,
				8DAB390A29FB2A8400150FAA /* Preview Content */,
			);
			path = TravelItenerary;
			sourceTree = "<group>";
		};
		8DAB390A29FB2A8400150FAA /* Preview Content */ = {
			isa = PBXGroup;
			children = (
				8DAB390B29FB2A8400150FAA /* Preview Assets.xcassets */,
			);
			path = "Preview Content";
			sourceTree = "<group>";
		};
		8DAB391429FB2A8400150FAA /* TravelIteneraryTests */ = {
			isa = PBXGroup;
			children = (
				8DAB391529FB2A8400150FAA /* TravelIteneraryTests.swift */,
			);
			path = TravelIteneraryTests;
			sourceTree = "<group>";
		};
		8DAB391E29FB2A8400150FAA /* TravelIteneraryUITests */ = {
			isa = PBXGroup;
			children = (
				8DAB391F29FB2A8400150FAA /* TravelIteneraryUITests.swift */,
				8DAB392129FB2A8400150FAA /* TravelIteneraryUITestsLaunchTests.swift */,
			);
			path = TravelIteneraryUITests;
			sourceTree = "<group>";
		};
/* End PBXGroup section */

/* Begin PBXNativeTarget section */
		8DAB390029FB2A8200150FAA /* TravelItenerary */ = {
			isa = PBXNativeTarget;
			buildConfigurationList = 8DAB392529FB2A8400150FAA /* Build configuration list for PBXNativeTarget "TravelItenerary" */;
			buildPhases = (
				8DAB38FD29FB2A8200150FAA /* Sources */,
				8DAB38FE29FB2A8200150FAA /* Frameworks */,
				8DAB38FF29FB2A8200150FAA /* Resources */,
			);
			buildRules = (
			);
			dependencies = (
			);
			name = TravelItenerary;
			productName = TravelItenerary;
			productReference = 8DAB390129FB2A8200150FAA /* TravelItenerary.app */;
			productType = "com.apple.product-type.application";
		};
		8DAB391029FB2A8400150FAA /* TravelIteneraryTests */ = {
			isa = PBXNativeTarget;
			buildConfigurationList = 8DAB392829FB2A8400150FAA /* Build configuration list for PBXNativeTarget "TravelIteneraryTests" */;
			buildPhases = (
				8DAB390D29FB2A8400150FAA /* Sources */,
				8DAB390E29FB2A8400150FAA /* Frameworks */,
				8DAB390F29FB2A8400150FAA /* Resources */,
			);
			buildRules = (
			);
			dependencies = (
				8DAB391329FB2A8400150FAA /* PBXTargetDependency */,
			);
			name = TravelIteneraryTests;
			productName = TravelIteneraryTests;
			productReference = 8DAB391129FB2A8400150FAA /* TravelIteneraryTests.xctest */;
			productType = "com.apple.product-type.bundle.unit-test";
		};
		8DAB391A29FB2A8400150FAA /* TravelIteneraryUITests */ = {
			isa = PBXNativeTarget;
			buildConfigurationList = 8DAB392B29FB2A8400150FAA /* Build configuration list for PBXNativeTarget "TravelIteneraryUITests" */;
			buildPhases = (
				8DAB391729FB2A8400150FAA /* Sources */,
				8DAB391829FB2A8400150FAA /* Frameworks */,
				8DAB391929FB2A8400150FAA /* Resources */,
			);
			buildRules = (
			);
			dependencies = (
				8DAB391D29FB2A8400150FAA /* PBXTargetDependency */,
			);
			name = TravelIteneraryUITests;
			productName = TravelIteneraryUITests;
			productReference = 8DAB391B29FB2A8400150FAA /* TravelIteneraryUITests.xctest */;
			productType = "com.apple.product-type.bundle.ui-testing";
		};
/* End PBXNativeTarget section */

/* Begin PBXProject section */
		8DAB38F929FB2A8200150FAA /* Project object */ = {
			isa = PBXProject;
			attributes = {
				BuildIndependentTargetsInParallel = 1;
				LastSwiftUpdateCheck = 1430;
				LastUpgradeCheck = 1430;
				TargetAttributes = {
					8DAB390029FB2A8200150FAA = {
						CreatedOnToolsVersion = 14.3;
					};
					8DAB391029FB2A8400150FAA = {
						CreatedOnToolsVersion = 14.3;
						TestTargetID = 8DAB390029FB2A8200150FAA;
					};
					8DAB391A29FB2A8400150FAA = {
						CreatedOnToolsVersion = 14.3;
						TestTargetID = 8DAB390029FB2A8200150FAA;
					};
				};
			};
			buildConfigurationList = 8DAB38FC29FB2A8200150FAA /* Build configuration list for PBXProject "TravelItenerary" */;
			compatibilityVersion = "Xcode 14.0";
			developmentRegion = en;
			hasScannedForEncodings = 0;
			knownRegions = (
				en,
				Base,
			);
			mainGroup = 8DAB38F829FB2A8200150FAA;
			productRefGroup = 8DAB390229FB2A8200150FAA /* Products */;
			projectDirPath = "";
			projectRoot = "";
			targets = (
				8DAB390029FB2A8200150FAA /* TravelItenerary */,
				8DAB391029FB2A8400150FAA /* TravelIteneraryTests */,
				8DAB391A29FB2A8400150FAA /* TravelIteneraryUITests */,
			);
		};
/* End PBXProject section */

/* Begin PBXResourcesBuildPhase section */
		8DAB38FF29FB2A8200150FAA /* Resources */ = {
			isa = PBXResourcesBuildPhase;
			buildActionMask = 2147483647;
			files = (
				8DAB390C29FB2A8400150FAA /* Preview Assets.xcassets in Resources */,
				8DAB390929FB2A8400150FAA /* Assets.xcassets in Resources */,
			);
			runOnlyForDeploymentPostprocessing = 0;
		};
		8DAB390F29FB2A8400150FAA /* Resources */ = {
			isa = PBXResourcesBuildPhase;
			buildActionMask = 2147483647;
			files = (
			);
			runOnlyForDeploymentPostprocessing = 0;
		};
		8DAB391929FB2A8400150FAA /* Resources */ = {
			isa = PBXResourcesBuildPhase;
			buildActionMask = 2147483647;
			files = (
			);
			runOnlyForDeploymentPostprocessing = 0;
		};
/* End PBXResourcesBuildPhase section */

/* Begin PBXSourcesBuildPhase section */
		8DAB38FD29FB2A8200150FAA /* Sources */ = {
			isa = PBXSourcesBuildPhase;
			buildActionMask = 2147483647;
			files = (
				8DAB390729FB2A8200150FAA /* ContentView.swift in Sources */,
				8DAB390529FB2A8200150FAA /* TravelIteneraryApp.swift in Sources */,
			);
			runOnlyForDeploymentPostprocessing = 0;
		};
		8DAB390D29FB2A8400150FAA /* Sources */ = {
			isa = PBXSourcesBuildPhase;
			buildActionMask = 2147483647;
			files = (
				8DAB391629FB2A8400150FAA /* TravelIteneraryTests.swift in Sources */,
			);
			runOnlyForDeploymentPostprocessing = 0;
		};
		8DAB391729FB2A8400150FAA /* Sources */ = {
			isa = PBXSourcesBuildPhase;
			buildActionMask = 2147483647;
			files = (
				8DAB392229FB2A8400150FAA /* TravelIteneraryUITestsLaunchTests.swift in Sources */,
				8DAB392029FB2A8400150FAA /* TravelIteneraryUITests.swift in Sources */,
			);
			runOnlyForDeploymentPostprocessing = 0;
		};
/* End PBXSourcesBuildPhase section */

/* Begin PBXTargetDependency section */
		8DAB391329FB2A8400150FAA /* PBXTargetDependency */ = {
			isa = PBXTargetDependency;
			target = 8DAB390029FB2A8200150FAA /* TravelItenerary */;
			targetProxy = 8DAB391229FB2A8400150FAA /* PBXContainerItemProxy */;
		};
		8DAB391D29FB2A8400150FAA /* PBXTargetDependency */ = {
			isa = PBXTargetDependency;
			target = 8DAB390029FB2A8200150FAA /* TravelItenerary */;
			targetProxy = 8DAB391C29FB2A8400150FAA /* PBXContainerItemProxy */;
		};
/* End PBXTargetDependency section */

/* Begin XCBuildConfiguration section */
		8DAB392329FB2A8400150FAA /* Debug */ = {
			isa = XCBuildConfiguration;
			buildSettings = {
				ALWAYS_SEARCH_USER_PATHS = NO;
				CLANG_ANALYZER_NONNULL = YES;
				CLANG_ANALYZER_NUMBER_OBJECT_CONVERSION = YES_AGGRESSIVE;
				CLANG_CXX_LANGUAGE_STANDARD = "gnu++20";
				CLANG_ENABLE_MODULES = YES;
				CLANG_ENABLE_OBJC_ARC = YES;
				CLANG_ENABLE_OBJC_WEAK = YES;
				CLANG_WARN_BLOCK_CAPTURE_AUTORELEASING = YES;
				CLANG_WARN_BOOL_CONVERSION = YES;
				CLANG_WARN_COMMA = YES;
				CLANG_WARN_CONSTANT_CONVERSION = YES;
				CLANG_WARN_DEPRECATED_OBJC_IMPLEMENTATIONS = YES;
				CLANG_WARN_DIRECT_OBJC_ISA_USAGE = YES_ERROR;
				CLANG_WARN_DOCUMENTATION_COMMENTS = YES;
				CLANG_WARN_EMPTY_BODY = YES;
				CLANG_WARN_ENUM_CONVERSION = YES;
				CLANG_WARN_INFINITE_RECURSION = YES;
				CLANG_WARN_INT_CONVERSION = YES;
				CLANG_WARN_NON_LITERAL_NULL_CONVERSION = YES;
				CLANG_WARN_OBJC_IMPLICIT_RETAIN_SELF = YES;
				CLANG_WARN_OBJC_LITERAL_CONVERSION = YES;
				CLANG_WARN_OBJC_ROOT_CLASS = YES_ERROR;
				CLANG_WARN_QUOTED_INCLUDE_IN_FRAMEWORK_HEADER = YES;
				CLANG_WARN_RANGE_LOOP_ANALYSIS = YES;
				CLANG_WARN_STRICT_PROTOTYPES = YES;
				CLANG_WARN_SUSPICIOUS_MOVE = YES;
				CLANG_WARN_UNGUARDED_AVAILABILITY = YES_AGGRESSIVE;
				CLANG_WARN_UNREACHABLE_CODE = YES;
				CLANG_WARN__DUPLICATE_METHOD_MATCH = YES;
				COPY_PHASE_STRIP = NO;
				DEBUG_INFORMATION_FORMAT = dwarf;
				ENABLE_STRICT_OBJC_MSGSEND = YES;
				ENABLE_TESTABILITY = YES;
				GCC_C_LANGUAGE_STANDARD = gnu11;
				GCC_DYNAMIC_NO_PIC = NO;
				GCC_NO_COMMON_BLOCKS = YES;
				GCC_OPTIMIZATION_LEVEL = 0;
				GCC_PREPROCESSOR_DEFINITIONS = (
					"DEBUG=1",
					"$(inherited)",
				);
				GCC_WARN_64_TO_32_BIT_CONVERSION = YES;
				GCC_WARN_ABOUT_RETURN_TYPE = YES_ERROR;
				GCC_WARN_UNDECLARED_SELECTOR = YES;
				GCC_WARN_UNINITIALIZED_AUTOS = YES_AGGRESSIVE;
				GCC_WARN_UNUSED_FUNCTION = YES;
				GCC_WARN_UNUSED_VARIABLE = YES;
				IPHONEOS_DEPLOYMENT_TARGET = 16.4;
				MTL_ENABLE_DEBUG_INFO = INCLUDE_SOURCE;
				MTL_FAST_MATH = YES;
				ONLY_ACTIVE_ARCH = YES;
				SDKROOT = iphoneos;
				SWIFT_ACTIVE_COMPILATION_CONDITIONS = DEBUG;
				SWIFT_OPTIMIZATION_LEVEL = "-Onone";
			};
			name = Debug;
		};
		8DAB392429FB2A8400150FAA /* Release */ = {
			isa = XCBuildConfiguration;
			buildSettings = {
				ALWAYS_SEARCH_USER_PATHS = NO;
				CLANG_ANALYZER_NONNULL = YES;
				CLANG_ANALYZER_NUMBER_OBJECT_CONVERSION = YES_AGGRESSIVE;
				CLANG_CXX_LANGUAGE_STANDARD = "gnu++20";
				CLANG_ENABLE_MODULES = YES;
				CLANG_ENABLE_OBJC_ARC = YES;
				CLANG_ENABLE_OBJC_WEAK = YES;
				CLANG_WARN_BLOCK_CAPTURE_AUTORELEASING = YES;
				CLANG_WARN_BOOL_CONVERSION = YES;
				CLANG_WARN_COMMA = YES;
				CLANG_WARN_CONSTANT_CONVERSION = YES;
				CLANG_WARN_DEPRECATED_OBJC_IMPLEMENTATIONS = YES;
				CLANG_WARN_DIRECT_OBJC_ISA_USAGE = YES_ERROR;
				CLANG_WARN_DOCUMENTATION_COMMENTS = YES;
				CLANG_WARN_EMPTY_BODY = YES;
				CLANG_WARN_ENUM_CONVERSION = YES;
				CLANG_WARN_INFINITE_RECURSION = YES;
				CLANG_WARN_INT_CONVERSION = YES;
				CLANG_WARN_NON_LITERAL_NULL_CONVERSION = YES;
				CLANG_WARN_OBJC_IMPLICIT_RETAIN_SELF = YES;
				CLANG_WARN_OBJC_LITERAL_CONVERSION = YES;
				CLANG_WARN_OBJC_ROOT_CLASS = YES_ERROR;
				CLANG_WARN_QUOTED_INCLUDE_IN_FRAMEWORK_HEADER = YES;
				CLANG_WARN_RANGE_LOOP_ANALYSIS = YES;
				CLANG_WARN_STRICT_PROTOTYPES = YES;
				CLANG_WARN_SUSPICIOUS_MOVE = YES;
				CLANG_WARN_UNGUARDED_AVAILABILITY = YES_AGGRESSIVE;
				CLANG_WARN_UNREACHABLE_CODE = YES;
				CLANG_WARN__DUPLICATE_METHOD_MATCH = YES;
				COPY_PHASE_STRIP = NO;
				DEBUG_INFORMATION_FORMAT = "dwarf-with-dsym";
				ENABLE_NS_ASSERTIONS = NO;
				ENABLE_STRICT_OBJC_MSGSEND = YES;
				GCC_C_LANGUAGE_STANDARD = gnu11;
				GCC_NO_COMMON_BLOCKS = YES;
				GCC_WARN_64_TO_32_BIT_CONVERSION = YES;
				GCC_WARN_ABOUT_RETURN_TYPE = YES_ERROR;
				GCC_WARN_UNDECLARED_SELECTOR = YES;
				GCC_WARN_UNINITIALIZED_AUTOS = YES_AGGRESSIVE;
				GCC_WARN_UNUSED_FUNCTION = YES;
				GCC_WARN_UNUSED_VARIABLE = YES;
				IPHONEOS_DEPLOYMENT_TARGET = 16.4;
				MTL_ENABLE_DEBUG_INFO = NO;
				MTL_FAST_MATH = YES;
				SDKROOT = iphoneos;
				SWIFT_COMPILATION_MODE = wholemodule;
				SWIFT_OPTIMIZATION_LEVEL = "-O";
				VALIDATE_PRODUCT = YES;
			};
			name = Release;
		};
		8DAB392629FB2A8400150FAA /* Debug */ = {
			isa = XCBuildConfiguration;
			buildSettings = {
				ASSETCATALOG_COMPILER_APPICON_NAME = AppIcon;
				ASSETCATALOG_COMPILER_GLOBAL_ACCENT_COLOR_NAME = AccentColor;
				CODE_SIGN_STYLE = Automatic;
				CURRENT_PROJECT_VERSION = 1;
				DEVELOPMENT_ASSET_PATHS = "\"TravelItenerary/Preview Content\"";
				ENABLE_PREVIEWS = YES;
				GENERATE_INFOPLIST_FILE = YES;
				INFOPLIST_KEY_UIApplicationSceneManifest_Generation = YES;
				INFOPLIST_KEY_UIApplicationSupportsIndirectInputEvents = YES;
				INFOPLIST_KEY_UILaunchScreen_Generation = YES;
				INFOPLIST_KEY_UISupportedInterfaceOrientations_iPad = "UIInterfaceOrientationPortrait UIInterfaceOrientationPortraitUpsideDown UIInterfaceOrientationLandscapeLeft UIInterfaceOrientationLandscapeRight";
				INFOPLIST_KEY_UISupportedInterfaceOrientations_iPhone = "UIInterfaceOrientationPortrait UIInterfaceOrientationLandscapeLeft UIInterfaceOrientationLandscapeRight";
				LD_RUNPATH_SEARCH_PATHS = (
					"$(inherited)",
					"@executable_path/Frameworks",
				);
				MARKETING_VERSION = 1.0;
				PRODUCT_BUNDLE_IDENTIFIER = com.sumesh.TravelItenerary;
				PRODUCT_NAME = "$(TARGET_NAME)";
				SWIFT_EMIT_LOC_STRINGS = YES;
				SWIFT_VERSION = 5.0;
				TARGETED_DEVICE_FAMILY = "1,2";
			};
			name = Debug;
		};
		8DAB392729FB2A8400150FAA /* Release */ = {
			isa = XCBuildConfiguration;
			buildSettings = {
				ASSETCATALOG_COMPILER_APPICON_NAME = AppIcon;
				ASSETCATALOG_COMPILER_GLOBAL_ACCENT_COLOR_NAME = AccentColor;
				CODE_SIGN_STYLE = Automatic;
				CURRENT_PROJECT_VERSION = 1;
				DEVELOPMENT_ASSET_PATHS = "\"TravelItenerary/Preview Content\"";
				ENABLE_PREVIEWS = YES;
				GENERATE_INFOPLIST_FILE = YES;
				INFOPLIST_KEY_UIApplicationSceneManifest_Generation = YES;
				INFOPLIST_KEY_UIApplicationSupportsIndirectInputEvents = YES;
				INFOPLIST_KEY_UILaunchScreen_Generation = YES;
				INFOPLIST_KEY_UISupportedInterfaceOrientations_iPad = "UIInterfaceOrientationPortrait UIInterfaceOrientationPortraitUpsideDown UIInterfaceOrientationLandscapeLeft UIInterfaceOrientationLandscapeRight";
				INFOPLIST_KEY_UISupportedInterfaceOrientations_iPhone = "UIInterfaceOrientationPortrait UIInterfaceOrientationLandscapeLeft UIInterfaceOrientationLandscapeRight";
				LD_RUNPATH_SEARCH_PATHS = (
					"$(inherited)",
					"@executable_path/Frameworks",
				);
				MARKETING_VERSION = 1.0;
				PRODUCT_BUNDLE_IDENTIFIER = com.sumesh.TravelItenerary;
				PRODUCT_NAME = "$(TARGET_NAME)";
				SWIFT_EMIT_LOC_STRINGS = YES;
				SWIFT_VERSION = 5.0;
				TARGETED_DEVICE_FAMILY = "1,2";
			};
			name = Release;
		};
		8DAB392929FB2A8400150FAA /* Debug */ = {
			isa = XCBuildConfiguration;
			buildSettings = {
				ALWAYS_EMBED_SWIFT_STANDARD_LIBRARIES = YES;
				BUNDLE_LOADER = "$(TEST_HOST)";
				CODE_SIGN_STYLE = Automatic;
				CURRENT_PROJECT_VERSION = 1;
				GENERATE_INFOPLIST_FILE = YES;
				IPHONEOS_DEPLOYMENT_TARGET = 16.4;
				MARKETING_VERSION = 1.0;
				PRODUCT_BUNDLE_IDENTIFIER = com.sumesh.TravelIteneraryTests;
				PRODUCT_NAME = "$(TARGET_NAME)";
				SWIFT_EMIT_LOC_STRINGS = NO;
				SWIFT_VERSION = 5.0;
				TARGETED_DEVICE_FAMILY = "1,2";
				TEST_HOST = "$(BUILT_PRODUCTS_DIR)/TravelItenerary.app/$(BUNDLE_EXECUTABLE_FOLDER_PATH)/TravelItenerary";
			};
			name = Debug;
		};
		8DAB392A29FB2A8400150FAA /* Release */ = {
			isa = XCBuildConfiguration;
			buildSettings = {
				ALWAYS_EMBED_SWIFT_STANDARD_LIBRARIES = YES;
				BUNDLE_LOADER = "$(TEST_HOST)";
				CODE_SIGN_STYLE = Automatic;
				CURRENT_PROJECT_VERSION = 1;
				GENERATE_INFOPLIST_FILE = YES;
				IPHONEOS_DEPLOYMENT_TARGET = 16.4;
				MARKETING_VERSION = 1.0;
				PRODUCT_BUNDLE_IDENTIFIER = com.sumesh.TravelIteneraryTests;
				PRODUCT_NAME = "$(TARGET_NAME)";
				SWIFT_EMIT_LOC_STRINGS = NO;
				SWIFT_VERSION = 5.0;
				TARGETED_DEVICE_FAMILY = "1,2";
				TEST_HOST = "$(BUILT_PRODUCTS_DIR)/TravelItenerary.app/$(BUNDLE_EXECUTABLE_FOLDER_PATH)/TravelItenerary";
			};
			name = Release;
		};
		8DAB392C29FB2A8400150FAA /* Debug */ = {
			isa = XCBuildConfiguration;
			buildSettings = {
				ALWAYS_EMBED_SWIFT_STANDARD_LIBRARIES = YES;
				CODE_SIGN_STYLE = Automatic;
				CURRENT_PROJECT_VERSION = 1;
				GENERATE_INFOPLIST_FILE = YES;
				MARKETING_VERSION = 1.0;
				PRODUCT_BUNDLE_IDENTIFIER = com.sumesh.TravelIteneraryUITests;
				PRODUCT_NAME = "$(TARGET_NAME)";
				SWIFT_EMIT_LOC_STRINGS = NO;
				SWIFT_VERSION = 5.0;
				TARGETED_DEVICE_FAMILY = "1,2";
				TEST_TARGET_NAME = TravelItenerary;
			};
			name = Debug;
		};
		8DAB392D29FB2A8400150FAA /* Release */ = {
			isa = XCBuildConfiguration;
			buildSettings = {
				ALWAYS_EMBED_SWIFT_STANDARD_LIBRARIES = YES;
				CODE_SIGN_STYLE = Automatic;
				CURRENT_PROJECT_VERSION = 1;
				GENERATE_INFOPLIST_FILE = YES;
				MARKETING_VERSION = 1.0;
				PRODUCT_BUNDLE_IDENTIFIER = com.sumesh.TravelIteneraryUITests;
				PRODUCT_NAME = "$(TARGET_NAME)";
				SWIFT_EMIT_LOC_STRINGS = NO;
				SWIFT_VERSION = 5.0;
				TARGETED_DEVICE_FAMILY = "1,2";
				TEST_TARGET_NAME = TravelItenerary;
			};
			name = Release;
		};
/* End XCBuildConfiguration section */

/* Begin XCConfigurationList section */
		8DAB38FC29FB2A8200150FAA /* Build configuration list for PBXProject "TravelItenerary" */ = {
			isa = XCConfigurationList;
			buildConfigurations = (
				8DAB392329FB2A8400150FAA /* Debug */,
				8DAB392429FB2A8400150FAA /* Release */,
			);
			defaultConfigurationIsVisible = 0;
			defaultConfigurationName = Release;
		};
		8DAB392529FB2A8400150FAA /* Build configuration list for PBXNativeTarget "TravelItenerary" */ = {
			isa = XCConfigurationList;
			buildConfigurations = (
				8DAB392629FB2A8400150FAA /* Debug */,
				8DAB392729FB2A8400150FAA /* Release */,
			);
			defaultConfigurationIsVisible = 0;
			defaultConfigurationName = Release;
		};
		8DAB392829FB2A8400150FAA /* Build configuration list for PBXNativeTarget "TravelIteneraryTests" */ = {
			isa = XCConfigurationList;
			buildConfigurations = (
				8DAB392929FB2A8400150FAA /* Debug */,
				8DAB392A29FB2A8400150FAA /* Release */,
			);
			defaultConfigurationIsVisible = 0;
			defaultConfigurationName = Release;
		};
		8DAB392B29FB2A8400150FAA /* Build configuration list for PBXNativeTarget "TravelIteneraryUITests" */ = {
			isa = XCConfigurationList;
			buildConfigurations = (
				8DAB392C29FB2A8400150FAA /* Debug */,
				8DAB392D29FB2A8400150FAA /* Release */,
			);
			defaultConfigurationIsVisible = 0;
			defaultConfigurationName = Release;
		};
/* End XCConfigurationList section */
	};
	rootObject = 8DAB38F929FB2A8200150FAA /* Project object */;
}
